
Microsoft Visual Studio Solution File, Format Version 12.00
# Visual Studio Version 17
VisualStudioVersion = 17.0.31919.166
MinimumVisualStudioVersion = 10.0.40219.1
Project("{FAE04EC0-301F-11D3-BF4B-00C04F79EFBC}") = "CarServiceApi", "CarServiceApi\CarServiceApi.csproj", "{CC4D80E2-DB6C-41D7-B63D-1A25627B73D2}"
EndProject
Project("{FAE04EC0-301F-11D3-BF4B-00C04F79EFBC}") = "CarServiceWebApp", "CarServiceWebApp\CarServiceWebApp.csproj", "{6BD2AA48-58F8-499F-8F6C-FF9351555640}"
EndProject
Global
	GlobalSection(SolutionConfigurationPlatforms) = preSolution
		Debug|Any CPU = Debug|Any CPU
		Release|Any CPU = Release|Any CPU
	EndGlobalSection
	GlobalSection(ProjectConfigurationPlatforms) = postSolution
		{CC4D80E2-DB6C-41D7-B63D-1A25627B73D2}.Debug|Any CPU.ActiveCfg = Debug|Any CPU
		{CC4D80E2-DB6C-41D7-B63D-1A25627B73D2}.Debug|Any CPU.Build.0 = Debug|Any CPU
		{CC4D80E2-DB6C-41D7-B63D-1A25627B73D2}.Release|Any CPU.ActiveCfg = Release|Any CPU
		{CC4D80E2-DB6C-41D7-B63D-1A25627B73D2}.Release|Any CPU.Build.0 = Release|Any CPU
		{6BD2AA48-58F8-499F-8F6C-FF9351555640}.Debug|Any CPU.ActiveCfg = Debug|Any CPU
		{6BD2AA48-58F8-499F-8F6C-FF9351555640}.Debug|Any CPU.Build.0 = Debug|Any CPU
		{6BD2AA48-58F8-499F-8F6C-FF9351555640}.Release|Any CPU.ActiveCfg = Release|Any CPU
		{6BD2AA48-58F8-499F-8F6C-FF9351555640}.Release|Any CPU.Build.0 = Release|Any CPU
	EndGlobalSection
	GlobalSection(SolutionProperties) = preSolution
		HideSolutionNode = FALSE
	EndGlobalSection
	GlobalSection(ExtensibilityGlobals) = postSolution
		SolutionGuid = {6BDAFEA9-CF18-41FD-96F4-315CEE0AB0C1}
	EndGlobalSection
EndGlobal
